
Microsoft Visual Studio Solution File, Format Version 12.00
# Visual Studio Version 17
VisualStudioVersion = 17.7.34031.279
MinimumVisualStudioVersion = 10.0.40219.1
Project("{8BC9CEB8-8B4A-11D0-8D11-00A0C91BC942}") = "lab46", "lab46.vcxproj", "{4334407C-349B-491F-8CD4-F92B7A5C84A7}"
EndProject
Global
	GlobalSection(SolutionConfigurationPlatforms) = preSolution
		Debug|x64 = Debug|x64
		Debug|x86 = Debug|x86
		Release|x64 = Release|x64
		Release|x86 = Release|x86
	EndGlobalSection
	GlobalSection(ProjectConfigurationPlatforms) = postSolution
		{4334407C-349B-491F-8CD4-F92B7A5C84A7}.Debug|x64.ActiveCfg = Debug|x64
		{4334407C-349B-491F-8CD4-F92B7A5C84A7}.Debug|x64.Build.0 = Debug|x64
		{4334407C-349B-491F-8CD4-F92B7A5C84A7}.Debug|x86.ActiveCfg = Debug|Win32
		{4334407C-349B-491F-8CD4-F92B7A5C84A7}.Debug|x86.Build.0 = Debug|Win32
		{4334407C-349B-491F-8CD4-F92B7A5C84A7}.Release|x64.ActiveCfg = Release|x64
		{4334407C-349B-491F-8CD4-F92B7A5C84A7}.Release|x64.Build.0 = Release|x64
		{4334407C-349B-491F-8CD4-F92B7A5C84A7}.Release|x86.ActiveCfg = Release|Win32
		{4334407C-349B-491F-8CD4-F92B7A5C84A7}.Release|x86.Build.0 = Release|Win32
	EndGlobalSection
	GlobalSection(SolutionProperties) = preSolution
		HideSolutionNode = FALSE
	EndGlobalSection
	GlobalSection(ExtensibilityGlobals) = postSolution
		SolutionGuid = {4265F13B-65EB-431B-882E-26B9C030DA83}
	EndGlobalSection
EndGlobal
